
Microsoft Visual Studio Solution File, Format Version 12.00
# Visual Studio 15
VisualStudioVersion = 15.0.27703.2000
MinimumVisualStudioVersion = 10.0.40219.1
Project("{FAE04EC0-301F-11D3-BF4B-00C04F79EFBC}") = "GameXO_by_C_Sharp", "GameXO\GameXO_by_C_Sharp.csproj", "{D38A8BDA-1FED-4BAC-8C68-8C9C480EE6BE}"
EndProject
Global
	GlobalSection(SolutionConfigurationPlatforms) = preSolution
		Debug|Any CPU = Debug|Any CPU
		Release|Any CPU = Release|Any CPU
	EndGlobalSection
	GlobalSection(ProjectConfigurationPlatforms) = postSolution
		{D38A8BDA-1FED-4BAC-8C68-8C9C480EE6BE}.Debug|Any CPU.ActiveCfg = Debug|Any CPU
		{D38A8BDA-1FED-4BAC-8C68-8C9C480EE6BE}.Debug|Any CPU.Build.0 = Debug|Any CPU
		{D38A8BDA-1FED-4BAC-8C68-8C9C480EE6BE}.Release|Any CPU.ActiveCfg = Release|Any CPU
		{D38A8BDA-1FED-4BAC-8C68-8C9C480EE6BE}.Release|Any CPU.Build.0 = Release|Any CPU
	EndGlobalSection
	GlobalSection(SolutionProperties) = preSolution
		HideSolutionNode = FALSE
	EndGlobalSection
	GlobalSection(ExtensibilityGlobals) = postSolution
		SolutionGuid = {CEAEE2A4-A66C-471A-8F4D-ED03BF025F95}
	EndGlobalSection
EndGlobal
